
Microsoft Visual Studio Solution File, Format Version 12.00
# Visual Studio Version 17
VisualStudioVersion = 17.0.31903.59
MinimumVisualStudioVersion = 10.0.40219.1
Project("{FAE04EC0-301F-11D3-BF4B-00C04F79EFBC}") = "HGKATA.API", "HGKATA.API\HGKATA.API.csproj", "{60D8F467-84AC-4772-8527-60D7B3C297DC}"
EndProject
Project("{FAE04EC0-301F-11D3-BF4B-00C04F79EFBC}") = "HGKATA.Core", "HGKATA.Core\HGKATA.Core.csproj", "{7E942269-570B-4E6D-A8FA-89A58BEAD5C2}"
EndProject
Project("{FAE04EC0-301F-11D3-BF4B-00C04F79EFBC}") = "HGKATA.ConsoleApp", "HGKATA.ConsoleApp\HGKATA.ConsoleApp.csproj", "{1239A0D9-3802-4CBA-8EF4-20A89B5A992E}"
EndProject
Global
	GlobalSection(SolutionConfigurationPlatforms) = preSolution
		Debug|Any CPU = Debug|Any CPU
		Debug|x64 = Debug|x64
		Debug|x86 = Debug|x86
		Release|Any CPU = Release|Any CPU
		Release|x64 = Release|x64
		Release|x86 = Release|x86
	EndGlobalSection
	GlobalSection(ProjectConfigurationPlatforms) = postSolution
		{60D8F467-84AC-4772-8527-60D7B3C297DC}.Debug|Any CPU.ActiveCfg = Debug|Any CPU
		{60D8F467-84AC-4772-8527-60D7B3C297DC}.Debug|Any CPU.Build.0 = Debug|Any CPU
		{60D8F467-84AC-4772-8527-60D7B3C297DC}.Debug|x64.ActiveCfg = Debug|Any CPU
		{60D8F467-84AC-4772-8527-60D7B3C297DC}.Debug|x64.Build.0 = Debug|Any CPU
		{60D8F467-84AC-4772-8527-60D7B3C297DC}.Debug|x86.ActiveCfg = Debug|Any CPU
		{60D8F467-84AC-4772-8527-60D7B3C297DC}.Debug|x86.Build.0 = Debug|Any CPU
		{60D8F467-84AC-4772-8527-60D7B3C297DC}.Release|Any CPU.ActiveCfg = Release|Any CPU
		{60D8F467-84AC-4772-8527-60D7B3C297DC}.Release|Any CPU.Build.0 = Release|Any CPU
		{60D8F467-84AC-4772-8527-60D7B3C297DC}.Release|x64.ActiveCfg = Release|Any CPU
		{60D8F467-84AC-4772-8527-60D7B3C297DC}.Release|x64.Build.0 = Release|Any CPU
		{60D8F467-84AC-4772-8527-60D7B3C297DC}.Release|x86.ActiveCfg = Release|Any CPU
		{60D8F467-84AC-4772-8527-60D7B3C297DC}.Release|x86.Build.0 = Release|Any CPU
		{7E942269-570B-4E6D-A8FA-89A58BEAD5C2}.Debug|Any CPU.ActiveCfg = Debug|Any CPU
		{7E942269-570B-4E6D-A8FA-89A58BEAD5C2}.Debug|Any CPU.Build.0 = Debug|Any CPU
		{7E942269-570B-4E6D-A8FA-89A58BEAD5C2}.Debug|x64.ActiveCfg = Debug|Any CPU
		{7E942269-570B-4E6D-A8FA-89A58BEAD5C2}.Debug|x64.Build.0 = Debug|Any CPU
		{7E942269-570B-4E6D-A8FA-89A58BEAD5C2}.Debug|x86.ActiveCfg = Debug|Any CPU
		{7E942269-570B-4E6D-A8FA-89A58BEAD5C2}.Debug|x86.Build.0 = Debug|Any CPU
		{7E942269-570B-4E6D-A8FA-89A58BEAD5C2}.Release|Any CPU.ActiveCfg = Release|Any CPU
		{7E942269-570B-4E6D-A8FA-89A58BEAD5C2}.Release|Any CPU.Build.0 = Release|Any CPU
		{7E942269-570B-4E6D-A8FA-89A58BEAD5C2}.Release|x64.ActiveCfg = Release|Any CPU
		{7E942269-570B-4E6D-A8FA-89A58BEAD5C2}.Release|x64.Build.0 = Release|Any CPU
		{7E942269-570B-4E6D-A8FA-89A58BEAD5C2}.Release|x86.ActiveCfg = Release|Any CPU
		{7E942269-570B-4E6D-A8FA-89A58BEAD5C2}.Release|x86.Build.0 = Release|Any CPU
		{1239A0D9-3802-4CBA-8EF4-20A89B5A992E}.Debug|Any CPU.ActiveCfg = Debug|Any CPU
		{1239A0D9-3802-4CBA-8EF4-20A89B5A992E}.Debug|Any CPU.Build.0 = Debug|Any CPU
		{1239A0D9-3802-4CBA-8EF4-20A89B5A992E}.Debug|x64.ActiveCfg = Debug|Any CPU
		{1239A0D9-3802-4CBA-8EF4-20A89B5A992E}.Debug|x64.Build.0 = Debug|Any CPU
		{1239A0D9-3802-4CBA-8EF4-20A89B5A992E}.Debug|x86.ActiveCfg = Debug|Any CPU
		{1239A0D9-3802-4CBA-8EF4-20A89B5A992E}.Debug|x86.Build.0 = Debug|Any CPU
		{1239A0D9-3802-4CBA-8EF4-20A89B5A992E}.Release|Any CPU.ActiveCfg = Release|Any CPU
		{1239A0D9-3802-4CBA-8EF4-20A89B5A992E}.Release|Any CPU.Build.0 = Release|Any CPU
		{1239A0D9-3802-4CBA-8EF4-20A89B5A992E}.Release|x64.ActiveCfg = Release|Any CPU
		{1239A0D9-3802-4CBA-8EF4-20A89B5A992E}.Release|x64.Build.0 = Release|Any CPU
		{1239A0D9-3802-4CBA-8EF4-20A89B5A992E}.Release|x86.ActiveCfg = Release|Any CPU
		{1239A0D9-3802-4CBA-8EF4-20A89B5A992E}.Release|x86.Build.0 = Release|Any CPU
	EndGlobalSection
	GlobalSection(SolutionProperties) = preSolution
		HideSolutionNode = FALSE
	EndGlobalSection
EndGlobal
